
Microsoft Visual Studio Solution File, Format Version 12.00
# Visual Studio Version 16
VisualStudioVersion = 16.0.31410.357
MinimumVisualStudioVersion = 10.0.40219.1
Project("{FAE04EC0-301F-11D3-BF4B-00C04F79EFBC}") = "apiLogin", "apiLogin\apiLogin.csproj", "{2A4488EF-732B-4B9F-811A-929BD553743B}"
EndProject
Global
	GlobalSection(SolutionConfigurationPlatforms) = preSolution
		Debug|Any CPU = Debug|Any CPU
		Release|Any CPU = Release|Any CPU
	EndGlobalSection
	GlobalSection(ProjectConfigurationPlatforms) = postSolution
		{2A4488EF-732B-4B9F-811A-929BD553743B}.Debug|Any CPU.ActiveCfg = Debug|Any CPU
		{2A4488EF-732B-4B9F-811A-929BD553743B}.Debug|Any CPU.Build.0 = Debug|Any CPU
		{2A4488EF-732B-4B9F-811A-929BD553743B}.Release|Any CPU.ActiveCfg = Release|Any CPU
		{2A4488EF-732B-4B9F-811A-929BD553743B}.Release|Any CPU.Build.0 = Release|Any CPU
	EndGlobalSection
	GlobalSection(SolutionProperties) = preSolution
		HideSolutionNode = FALSE
	EndGlobalSection
	GlobalSection(ExtensibilityGlobals) = postSolution
		SolutionGuid = {F4057586-DA11-4E68-BBF6-B040B58F7148}
	EndGlobalSection
EndGlobal
